
Microsoft Visual Studio Solution File, Format Version 12.00
# Visual Studio 15
VisualStudioVersion = 15.0.26228.9
MinimumVisualStudioVersion = 10.0.40219.1
Project("{2150E333-8FDC-42A3-9474-1A3956D46DE8}") = "src", "src", "{41B905D4-53F3-429D-B536-E64F36734578}"
EndProject
Project("{2150E333-8FDC-42A3-9474-1A3956D46DE8}") = "Solution Items", "Solution Items", "{8FD062C9-4386-46FB-BE8C-77F65022E0E9}"
EndProject
Project("{9A19103F-16F7-4668-BE54-9A1E7A4F7556}") = "ReviewService", "src\ReviewService\ReviewService.csproj", "{61CE3D40-EA07-4985-BF4E-42B657AA1761}"
EndProject
Project("{9A19103F-16F7-4668-BE54-9A1E7A4F7556}") = "ReviewService.Tests", "src\ReviewService.Tests\ReviewService.Tests.csproj", "{CC9D19B4-B846-4C01-99B4-DC9DA0FA767C}"
EndProject
Global
	GlobalSection(SolutionConfigurationPlatforms) = preSolution
		Debug|Any CPU = Debug|Any CPU
		Release|Any CPU = Release|Any CPU
	EndGlobalSection
	GlobalSection(ProjectConfigurationPlatforms) = postSolution
		{61CE3D40-EA07-4985-BF4E-42B657AA1761}.Debug|Any CPU.ActiveCfg = Debug|Any CPU
		{61CE3D40-EA07-4985-BF4E-42B657AA1761}.Debug|Any CPU.Build.0 = Debug|Any CPU
		{61CE3D40-EA07-4985-BF4E-42B657AA1761}.Release|Any CPU.ActiveCfg = Release|Any CPU
		{61CE3D40-EA07-4985-BF4E-42B657AA1761}.Release|Any CPU.Build.0 = Release|Any CPU
		{CC9D19B4-B846-4C01-99B4-DC9DA0FA767C}.Debug|Any CPU.ActiveCfg = Debug|Any CPU
		{CC9D19B4-B846-4C01-99B4-DC9DA0FA767C}.Debug|Any CPU.Build.0 = Debug|Any CPU
		{CC9D19B4-B846-4C01-99B4-DC9DA0FA767C}.Release|Any CPU.ActiveCfg = Release|Any CPU
		{CC9D19B4-B846-4C01-99B4-DC9DA0FA767C}.Release|Any CPU.Build.0 = Release|Any CPU
	EndGlobalSection
	GlobalSection(SolutionProperties) = preSolution
		HideSolutionNode = FALSE
	EndGlobalSection
	GlobalSection(NestedProjects) = preSolution
		{61CE3D40-EA07-4985-BF4E-42B657AA1761} = {41B905D4-53F3-429D-B536-E64F36734578}
		{CC9D19B4-B846-4C01-99B4-DC9DA0FA767C} = {41B905D4-53F3-429D-B536-E64F36734578}
	EndGlobalSection
EndGlobal
